
Microsoft Visual Studio Solution File, Format Version 12.00
# Visual Studio Version 16
VisualStudioVersion = 16.0.34729.46
MinimumVisualStudioVersion = 10.0.40219.1
Project("{FAE04EC0-301F-11D3-BF4B-00C04F79EFBC}") = "Baby Smash", "Baby Smash\Baby Smash.csproj", "{664364C6-B9A9-44B8-A707-62270B7FC439}"
EndProject
Global
	GlobalSection(SolutionConfigurationPlatforms) = preSolution
		Debug|Any CPU = Debug|Any CPU
		Release|Any CPU = Release|Any CPU
	EndGlobalSection
	GlobalSection(ProjectConfigurationPlatforms) = postSolution
		{664364C6-B9A9-44B8-A707-62270B7FC439}.Debug|Any CPU.ActiveCfg = Debug|Any CPU
		{664364C6-B9A9-44B8-A707-62270B7FC439}.Debug|Any CPU.Build.0 = Debug|Any CPU
		{664364C6-B9A9-44B8-A707-62270B7FC439}.Release|Any CPU.ActiveCfg = Release|Any CPU
		{664364C6-B9A9-44B8-A707-62270B7FC439}.Release|Any CPU.Build.0 = Release|Any CPU
	EndGlobalSection
	GlobalSection(SolutionProperties) = preSolution
		HideSolutionNode = FALSE
	EndGlobalSection
	GlobalSection(ExtensibilityGlobals) = postSolution
		SolutionGuid = {A8F317A9-74B0-4736-80E6-F46AB0B037E9}
	EndGlobalSection
EndGlobal
